{
  "name": "jsdn",
  "lockfileVersion": 3,
  "requires": true,
  "packages": {
    "": {
      "workspaces": [
        "packages/jsdn"
      ],
      "devDependencies": {
        "tree-sitter-cli": "^0.24.3"
      }
    },
    "node_modules/@jsdn/jsdn": {
      "resolved": "packages/jsdn",
      "link": true
    },
    "node_modules/@types/node": {
      "version": "22.8.1",
      "resolved": "https://registry.npmjs.org/@types/node/-/node-22.8.1.tgz",
      "integrity": "sha512-k6Gi8Yyo8EtrNtkHXutUu2corfDf9su95VYVP10aGYMMROM6SAItZi0w1XszA6RtWTHSVp5OeFof37w0IEqCQg==",
      "dev": true,
      "license": "MIT",
      "dependencies": {
        "undici-types": "~6.19.8"
      }
    },
    "node_modules/tree-sitter-cli": {
      "version": "0.24.3",
      "resolved": "https://registry.npmjs.org/tree-sitter-cli/-/tree-sitter-cli-0.24.3.tgz",
      "integrity": "sha512-5vS0SiJf31tMTn9CYLsu5l18qXaw5MLFka3cuGxOB5f4TtgoUSK1Sog6rKmqBc7PvFJq37YcQBjj9giNy2cJPw==",
      "dev": true,
      "hasInstallScript": true,
      "license": "MIT",
      "bin": {
        "tree-sitter": "cli.js"
      },
      "engines": {
        "node": ">=12.0.0"
      }
    },
    "node_modules/undici-types": {
      "version": "6.19.8",
      "resolved": "https://registry.npmjs.org/undici-types/-/undici-types-6.19.8.tgz",
      "integrity": "sha512-ve2KP6f/JnbPBFyobGHuerC9g1FYGn/F8n1LWTwNxCEzd6IfqTwUQcNXgEtmmQ6DlRrC1hrSrBnCZPokRrDHjw==",
      "dev": true,
      "license": "MIT"
    },
    "packages/jsdn": {
      "name": "@jsdn/jsdn",
      "version": "0.0.1-alpha",
      "license": "MIT",
      "devDependencies": {
        "@types/node": "^22.8.1"
      }
    }
  }
}
